// !$*UTF8*$!
{
	archiveVersion = 1;
	classes = {
	};
	objectVersion = 50;
	objects = {

/* Begin PBXBuildFile section */
		5931A2422558095300F3A73A /* AppDelegate.swift in Sources */ = {isa = PBXBuildFile; fileRef = 5931A2412558095300F3A73A /* AppDelegate.swift */; };
		5931A2442558095300F3A73A /* SceneDelegate.swift in Sources */ = {isa = PBXBuildFile; fileRef = 5931A2432558095300F3A73A /* SceneDelegate.swift */; };
		5931A2462558095300F3A73A /* ViewController.swift in Sources */ = {isa = PBXBuildFile; fileRef = 5931A2452558095300F3A73A /* ViewController.swift */; };
		5931A2492558095300F3A73A /* Main.storyboard in Resources */ = {isa = PBXBuildFile; fileRef = 5931A2472558095300F3A73A /* Main.storyboard */; };
		5931A24B2558095300F3A73A /* Assets.xcassets in Resources */ = {isa = PBXBuildFile; fileRef = 5931A24A2558095300F3A73A /* Assets.xcassets */; };
		5931A24E2558095300F3A73A /* LaunchScreen.storyboard in Resources */ = {isa = PBXBuildFile; fileRef = 5931A24C2558095300F3A73A /* LaunchScreen.storyboard */; };
		5931A25825580B1400F3A73A /* SecondViewController.swift in Sources */ = {isa = PBXBuildFile; fileRef = 5931A25725580B1400F3A73A /* SecondViewController.swift */; };
		5968BAA2255BC4ED0000BFA2 /* Program.swift in Sources */ = {isa = PBXBuildFile; fileRef = 5968BAA1255BC4ED0000BFA2 /* Program.swift */; };
		59A15507259AF29D00565441 /* File.swift in Sources */ = {isa = PBXBuildFile; fileRef = 59A15506259AF29C00565441 /* File.swift */; };
		8B5AB99025622FDC000A4DEC /* NewClass.swift in Sources */ = {isa = PBXBuildFile; fileRef = 8B5AB98F25622FDC000A4DEC /* NewClass.swift */; };
		8B87F3F12558519F00B59EDF /* SecondUITest.swift in Sources */ = {isa = PBXBuildFile; fileRef = 8B87F3F02558519F00B59EDF /* SecondUITest.swift */; };
		8B914E6B2598FADA00D3B669 /* klama22.swift in Sources */ = {isa = PBXBuildFile; fileRef = 8B914E6A2598FADA00D3B669 /* klama22.swift */; };
		8B914E84259A7ABE00D3B669 /* (null) in Sources */ = {isa = PBXBuildFile; };
		8B914E8C259D0BBB00D3B669 /* Seattle123.swift in Sources */ = {isa = PBXBuildFile; fileRef = 8B914E8B259D0BBB00D3B669 /* Seattle123.swift */; };
/* End PBXBuildFile section */

/* Begin PBXContainerItemProxy section */
		8B87F3F32558519F00B59EDF /* PBXContainerItemProxy */ = {
			isa = PBXContainerItemProxy;
			containerPortal = 5931A2362558095300F3A73A /* Project object */;
			proxyType = 1;
			remoteGlobalIDString = 5931A23D2558095300F3A73A;
			remoteInfo = iOSUI;
		};
/* End PBXContainerItemProxy section */

/* Begin PBXFileReference section */
		5931A23E2558095300F3A73A /* iOSUI.app */ = {isa = PBXFileReference; explicitFileType = wrapper.application; includeInIndex = 0; path = iOSUI.app; sourceTree = BUILT_PRODUCTS_DIR; };
		5931A2412558095300F3A73A /* AppDelegate.swift */ = {isa = PBXFileReference; lastKnownFileType = sourcecode.swift; path = AppDelegate.swift; sourceTree = "<group>"; };
		5931A2432558095300F3A73A /* SceneDelegate.swift */ = {isa = PBXFileReference; lastKnownFileType = sourcecode.swift; path = SceneDelegate.swift; sourceTree = "<group>"; };
		5931A2452558095300F3A73A /* ViewController.swift */ = {isa = PBXFileReference; lastKnownFileType = sourcecode.swift; path = ViewController.swift; sourceTree = "<group>"; };
		5931A2482558095300F3A73A /* Base */ = {isa = PBXFileReference; lastKnownFileType = file.storyboard; name = Base; path = Base.lproj/Main.storyboard; sourceTree = "<group>"; };
		5931A24A2558095300F3A73A /* Assets.xcassets */ = {isa = PBXFileReference; lastKnownFileType = folder.assetcatalog; path = Assets.xcassets; sourceTree = "<group>"; };
		5931A24D2558095300F3A73A /* Base */ = {isa = PBXFileReference; lastKnownFileType = file.storyboard; name = Base; path = Base.lproj/LaunchScreen.storyboard; sourceTree = "<group>"; };
		5931A24F2558095300F3A73A /* Info.plist */ = {isa = PBXFileReference; lastKnownFileType = text.plist.xml; path = Info.plist; sourceTree = "<group>"; };
		5931A25725580B1400F3A73A /* SecondViewController.swift */ = {isa = PBXFileReference; lastKnownFileType = sourcecode.swift; path = SecondViewController.swift; sourceTree = "<group>"; };
		5968BAA1255BC4ED0000BFA2 /* Program.swift */ = {isa = PBXFileReference; lastKnownFileType = sourcecode.swift; path = Program.swift; sourceTree = "<group>"; };
		59A15506259AF29C00565441 /* File.swift */ = {isa = PBXFileReference; lastKnownFileType = sourcecode.swift; path = File.swift; sourceTree = "<group>"; };
		8B5AB98F25622FDC000A4DEC /* NewClass.swift */ = {isa = PBXFileReference; lastKnownFileType = sourcecode.swift; path = NewClass.swift; sourceTree = "<group>"; };
		8B87F3EE2558519F00B59EDF /* SecondUITest.xctest */ = {isa = PBXFileReference; explicitFileType = wrapper.cfbundle; includeInIndex = 0; path = SecondUITest.xctest; sourceTree = BUILT_PRODUCTS_DIR; };
		8B87F3F02558519F00B59EDF /* SecondUITest.swift */ = {isa = PBXFileReference; lastKnownFileType = sourcecode.swift; path = SecondUITest.swift; sourceTree = "<group>"; };
		8B87F3F22558519F00B59EDF /* Info.plist */ = {isa = PBXFileReference; lastKnownFileType = text.plist.xml; path = Info.plist; sourceTree = "<group>"; };
		8B914E6A2598FADA00D3B669 /* klama22.swift */ = {isa = PBXFileReference; lastKnownFileType = sourcecode.swift; path = klama22.swift; sourceTree = "<group>"; };
		8B914E8B259D0BBB00D3B669 /* Seattle123.swift */ = {isa = PBXFileReference; lastKnownFileType = sourcecode.swift; path = Seattle123.swift; sourceTree = "<group>"; };
/* End PBXFileReference section */

/* Begin PBXFrameworksBuildPhase section */
		5931A23B2558095300F3A73A /* Frameworks */ = {
			isa = PBXFrameworksBuildPhase;
			buildActionMask = 2147483647;
			files = (
			);
			runOnlyForDeploymentPostprocessing = 0;
		};
		8B87F3EB2558519F00B59EDF /* Frameworks */ = {
			isa = PBXFrameworksBuildPhase;
			buildActionMask = 2147483647;
			files = (
			);
			runOnlyForDeploymentPostprocessing = 0;
		};
/* End PBXFrameworksBuildPhase section */

/* Begin PBXGroup section */
		5931A2352558095300F3A73A = {
			isa = PBXGroup;
			children = (
				8B914E82259A7A9100D3B669 /* BikeTest */,
				5931A2402558095300F3A73A /* iOSUI */,
				8B87F3EF2558519F00B59EDF /* SecondUITest */,
				5931A23F2558095300F3A73A /* Products */,
			);
			sourceTree = "<group>";
		};
		5931A23F2558095300F3A73A /* Products */ = {
			isa = PBXGroup;
			children = (
				5931A23E2558095300F3A73A /* iOSUI.app */,
				8B87F3EE2558519F00B59EDF /* SecondUITest.xctest */,
			);
			name = Products;
			sourceTree = "<group>";
		};
		5931A2402558095300F3A73A /* iOSUI */ = {
			isa = PBXGroup;
			children = (
				5931A2412558095300F3A73A /* AppDelegate.swift */,
				5931A2432558095300F3A73A /* SceneDelegate.swift */,
				5931A2452558095300F3A73A /* ViewController.swift */,
				5968BAA1255BC4ED0000BFA2 /* Program.swift */,
				8B5AB98F25622FDC000A4DEC /* NewClass.swift */,
				5931A25725580B1400F3A73A /* SecondViewController.swift */,
				5931A2472558095300F3A73A /* Main.storyboard */,
				5931A24A2558095300F3A73A /* Assets.xcassets */,
				5931A24C2558095300F3A73A /* LaunchScreen.storyboard */,
				5931A24F2558095300F3A73A /* Info.plist */,
				8B914E6A2598FADA00D3B669 /* klama22.swift */,
				8B914E8B259D0BBB00D3B669 /* Seattle123.swift */,
			);
			path = iOSUI;
			sourceTree = "<group>";
		};
		8B87F3EF2558519F00B59EDF /* SecondUITest */ = {
			isa = PBXGroup;
			children = (
				8B87F3F02558519F00B59EDF /* SecondUITest.swift */,
				59A15506259AF29C00565441 /* File.swift */,
				8B87F3F22558519F00B59EDF /* Info.plist */,
			);
			path = SecondUITest;
			sourceTree = "<group>";
		};
		8B914E82259A7A9100D3B669 /* BikeTest */ = {
			isa = PBXGroup;
			children = (
			);
			path = BikeTest;
			sourceTree = "<group>";
		};
/* End PBXGroup section */

/* Begin PBXNativeTarget section */
		5931A23D2558095300F3A73A /* iOSUI */ = {
			isa = PBXNativeTarget;
			buildConfigurationList = 5931A2522558095300F3A73A /* Build configuration list for PBXNativeTarget "iOSUI" */;
			buildPhases = (
				5931A23A2558095300F3A73A /* Sources */,
				5931A23B2558095300F3A73A /* Frameworks */,
				5931A23C2558095300F3A73A /* Resources */,
			);
			buildRules = (
			);
			dependencies = (
			);
			name = iOSUI;
			productName = iOSUI;
			productReference = 5931A23E2558095300F3A73A /* iOSUI.app */;
			productType = "com.apple.product-type.application";
		};
		8B87F3ED2558519F00B59EDF /* SecondUITest */ = {
			isa = PBXNativeTarget;
			buildConfigurationList = 8B87F3F72558519F00B59EDF /* Build configuration list for PBXNativeTarget "SecondUITest" */;
			buildPhases = (
				8B87F3EA2558519F00B59EDF /* Sources */,
				8B87F3EB2558519F00B59EDF /* Frameworks */,
				8B87F3EC2558519F00B59EDF /* Resources */,
			);
			buildRules = (
			);
			dependencies = (
				8B87F3F42558519F00B59EDF /* PBXTargetDependency */,
			);
			name = SecondUITest;
			productName = SecondUITest;
			productReference = 8B87F3EE2558519F00B59EDF /* SecondUITest.xctest */;
			productType = "com.apple.product-type.bundle.ui-testing";
		};
/* End PBXNativeTarget section */

/* Begin PBXProject section */
		5931A2362558095300F3A73A /* Project object */ = {
			isa = PBXProject;
			attributes = {
				LastSwiftUpdateCheck = 1200;
				LastUpgradeCheck = 1200;
				ORGANIZATIONNAME = Nithin;
				TargetAttributes = {
					5931A23D2558095300F3A73A = {
						CreatedOnToolsVersion = 12.0.1;
					};
					8B87F3ED2558519F00B59EDF = {
						CreatedOnToolsVersion = 12.0.1;
						TestTargetID = 5931A23D2558095300F3A73A;
					};
				};
			};
			buildConfigurationList = 5931A2392558095300F3A73A /* Build configuration list for PBXProject "iOSUI" */;
			compatibilityVersion = "Xcode 9.3";
			developmentRegion = en;
			hasScannedForEncodings = 0;
			knownRegions = (
				en,
				Base,
			);
			mainGroup = 5931A2352558095300F3A73A;
			productRefGroup = 5931A23F2558095300F3A73A /* Products */;
			projectDirPath = "";
			projectRoot = "";
			targets = (
				5931A23D2558095300F3A73A /* iOSUI */,
				8B87F3ED2558519F00B59EDF /* SecondUITest */,
			);
		};
/* End PBXProject section */

/* Begin PBXResourcesBuildPhase section */
		5931A23C2558095300F3A73A /* Resources */ = {
			isa = PBXResourcesBuildPhase;
			buildActionMask = 2147483647;
			files = (
				5931A24E2558095300F3A73A /* LaunchScreen.storyboard in Resources */,
				5931A24B2558095300F3A73A /* Assets.xcassets in Resources */,
				5931A2492558095300F3A73A /* Main.storyboard in Resources */,
			);
			runOnlyForDeploymentPostprocessing = 0;
		};
		8B87F3EC2558519F00B59EDF /* Resources */ = {
			isa = PBXResourcesBuildPhase;
			buildActionMask = 2147483647;
			files = (
			);
			runOnlyForDeploymentPostprocessing = 0;
		};
/* End PBXResourcesBuildPhase section */

/* Begin PBXSourcesBuildPhase section */
		5931A23A2558095300F3A73A /* Sources */ = {
			isa = PBXSourcesBuildPhase;
			buildActionMask = 2147483647;
			files = (
				8B914E8C259D0BBB00D3B669 /* Seattle123.swift in Sources */,
				5931A25825580B1400F3A73A /* SecondViewController.swift in Sources */,
				5968BAA2255BC4ED0000BFA2 /* Program.swift in Sources */,
				8B914E6B2598FADA00D3B669 /* klama22.swift in Sources */,
				5931A2462558095300F3A73A /* ViewController.swift in Sources */,
				8B5AB99025622FDC000A4DEC /* NewClass.swift in Sources */,
				5931A2422558095300F3A73A /* AppDelegate.swift in Sources */,
				8B914E84259A7ABE00D3B669 /* (null) in Sources */,
				5931A2442558095300F3A73A /* SceneDelegate.swift in Sources */,
			);
			runOnlyForDeploymentPostprocessing = 0;
		};
		8B87F3EA2558519F00B59EDF /* Sources */ = {
			isa = PBXSourcesBuildPhase;
			buildActionMask = 2147483647;
			files = (
				8B87F3F12558519F00B59EDF /* SecondUITest.swift in Sources */,
				59A15507259AF29D00565441 /* File.swift in Sources */,
			);
			runOnlyForDeploymentPostprocessing = 0;
		};
/* End PBXSourcesBuildPhase section */

/* Begin PBXTargetDependency section */
		8B87F3F42558519F00B59EDF /* PBXTargetDependency */ = {
			isa = PBXTargetDependency;
			target = 5931A23D2558095300F3A73A /* iOSUI */;
			targetProxy = 8B87F3F32558519F00B59EDF /* PBXContainerItemProxy */;
		};
/* End PBXTargetDependency section */

/* Begin PBXVariantGroup section */
		5931A2472558095300F3A73A /* Main.storyboard */ = {
			isa = PBXVariantGroup;
			children = (
				5931A2482558095300F3A73A /* Base */,
			);
			name = Main.storyboard;
			sourceTree = "<group>";
		};
		5931A24C2558095300F3A73A /* LaunchScreen.storyboard */ = {
			isa = PBXVariantGroup;
			children = (
				5931A24D2558095300F3A73A /* Base */,
			);
			name = LaunchScreen.storyboard;
			sourceTree = "<group>";
		};
/* End PBXVariantGroup section */

/* Begin XCBuildConfiguration section */
		5931A2502558095300F3A73A /* Debug */ = {
			isa = XCBuildConfiguration;
			buildSettings = {
				ALWAYS_SEARCH_USER_PATHS = NO;
				CLANG_ANALYZER_NONNULL = YES;
				CLANG_ANALYZER_NUMBER_OBJECT_CONVERSION = YES_AGGRESSIVE;
				CLANG_CXX_LANGUAGE_STANDARD = "gnu++14";
				CLANG_CXX_LIBRARY = "libc++";
				CLANG_ENABLE_MODULES = YES;
				CLANG_ENABLE_OBJC_ARC = YES;
				CLANG_ENABLE_OBJC_WEAK = YES;
				CLANG_WARN_BLOCK_CAPTURE_AUTORELEASING = YES;
				CLANG_WARN_BOOL_CONVERSION = YES;
				CLANG_WARN_COMMA = YES;
				CLANG_WARN_CONSTANT_CONVERSION = YES;
				CLANG_WARN_DEPRECATED_OBJC_IMPLEMENTATIONS = YES;
				CLANG_WARN_DIRECT_OBJC_ISA_USAGE = YES_ERROR;
				CLANG_WARN_DOCUMENTATION_COMMENTS = YES;
				CLANG_WARN_EMPTY_BODY = YES;
				CLANG_WARN_ENUM_CONVERSION = YES;
				CLANG_WARN_INFINITE_RECURSION = YES;
				CLANG_WARN_INT_CONVERSION = YES;
				CLANG_WARN_NON_LITERAL_NULL_CONVERSION = YES;
				CLANG_WARN_OBJC_IMPLICIT_RETAIN_SELF = YES;
				CLANG_WARN_OBJC_LITERAL_CONVERSION = YES;
				CLANG_WARN_OBJC_ROOT_CLASS = YES_ERROR;
				CLANG_WARN_QUOTED_INCLUDE_IN_FRAMEWORK_HEADER = YES;
				CLANG_WARN_RANGE_LOOP_ANALYSIS = YES;
				CLANG_WARN_STRICT_PROTOTYPES = YES;
				CLANG_WARN_SUSPICIOUS_MOVE = YES;
				CLANG_WARN_UNGUARDED_AVAILABILITY = YES_AGGRESSIVE;
				CLANG_WARN_UNREACHABLE_CODE = YES;
				CLANG_WARN__DUPLICATE_METHOD_MATCH = YES;
				COPY_PHASE_STRIP = NO;
				DEBUG_INFORMATION_FORMAT = dwarf;
				ENABLE_STRICT_OBJC_MSGSEND = YES;
				ENABLE_TESTABILITY = YES;
				GCC_C_LANGUAGE_STANDARD = gnu11;
				GCC_DYNAMIC_NO_PIC = NO;
				GCC_NO_COMMON_BLOCKS = YES;
				GCC_OPTIMIZATION_LEVEL = 0;
				GCC_PREPROCESSOR_DEFINITIONS = (
					"DEBUG=1",
					"$(inherited)",
				);
				GCC_WARN_64_TO_32_BIT_CONVERSION = YES;
				GCC_WARN_ABOUT_RETURN_TYPE = YES_ERROR;
				GCC_WARN_UNDECLARED_SELECTOR = YES;
				GCC_WARN_UNINITIALIZED_AUTOS = YES_AGGRESSIVE;
				GCC_WARN_UNUSED_FUNCTION = YES;
				GCC_WARN_UNUSED_VARIABLE = YES;
				IPHONEOS_DEPLOYMENT_TARGET = 14.0;
				MTL_ENABLE_DEBUG_INFO = INCLUDE_SOURCE;
				MTL_FAST_MATH = YES;
				ONLY_ACTIVE_ARCH = YES;
				SDKROOT = iphoneos;
				SWIFT_ACTIVE_COMPILATION_CONDITIONS = DEBUG;
				SWIFT_OPTIMIZATION_LEVEL = "-Onone";
			};
			name = Debug;
		};
		5931A2512558095300F3A73A /* Release */ = {
			isa = XCBuildConfiguration;
			buildSettings = {
				ALWAYS_SEARCH_USER_PATHS = NO;
				CLANG_ANALYZER_NONNULL = YES;
				CLANG_ANALYZER_NUMBER_OBJECT_CONVERSION = YES_AGGRESSIVE;
				CLANG_CXX_LANGUAGE_STANDARD = "gnu++14";
				CLANG_CXX_LIBRARY = "libc++";
				CLANG_ENABLE_MODULES = YES;
				CLANG_ENABLE_OBJC_ARC = YES;
				CLANG_ENABLE_OBJC_WEAK = YES;
				CLANG_WARN_BLOCK_CAPTURE_AUTORELEASING = YES;
				CLANG_WARN_BOOL_CONVERSION = YES;
				CLANG_WARN_COMMA = YES;
				CLANG_WARN_CONSTANT_CONVERSION = YES;
				CLANG_WARN_DEPRECATED_OBJC_IMPLEMENTATIONS = YES;
				CLANG_WARN_DIRECT_OBJC_ISA_USAGE = YES_ERROR;
				CLANG_WARN_DOCUMENTATION_COMMENTS = YES;
				CLANG_WARN_EMPTY_BODY = YES;
				CLANG_WARN_ENUM_CONVERSION = YES;
				CLANG_WARN_INFINITE_RECURSION = YES;
				CLANG_WARN_INT_CONVERSION = YES;
				CLANG_WARN_NON_LITERAL_NULL_CONVERSION = YES;
				CLANG_WARN_OBJC_IMPLICIT_RETAIN_SELF = YES;
				CLANG_WARN_OBJC_LITERAL_CONVERSION = YES;
				CLANG_WARN_OBJC_ROOT_CLASS = YES_ERROR;
				CLANG_WARN_QUOTED_INCLUDE_IN_FRAMEWORK_HEADER = YES;
				CLANG_WARN_RANGE_LOOP_ANALYSIS = YES;
				CLANG_WARN_STRICT_PROTOTYPES = YES;
				CLANG_WARN_SUSPICIOUS_MOVE = YES;
				CLANG_WARN_UNGUARDED_AVAILABILITY = YES_AGGRESSIVE;
				CLANG_WARN_UNREACHABLE_CODE = YES;
				CLANG_WARN__DUPLICATE_METHOD_MATCH = YES;
				COPY_PHASE_STRIP = NO;
				DEBUG_INFORMATION_FORMAT = "dwarf-with-dsym";
				ENABLE_NS_ASSERTIONS = NO;
				ENABLE_STRICT_OBJC_MSGSEND = YES;
				GCC_C_LANGUAGE_STANDARD = gnu11;
				GCC_NO_COMMON_BLOCKS = YES;
				GCC_WARN_64_TO_32_BIT_CONVERSION = YES;
				GCC_WARN_ABOUT_RETURN_TYPE = YES_ERROR;
				GCC_WARN_UNDECLARED_SELECTOR = YES;
				GCC_WARN_UNINITIALIZED_AUTOS = YES_AGGRESSIVE;
				GCC_WARN_UNUSED_FUNCTION = YES;
				GCC_WARN_UNUSED_VARIABLE = YES;
				IPHONEOS_DEPLOYMENT_TARGET = 14.0;
				MTL_ENABLE_DEBUG_INFO = NO;
				MTL_FAST_MATH = YES;
				SDKROOT = iphoneos;
				SWIFT_COMPILATION_MODE = wholemodule;
				SWIFT_OPTIMIZATION_LEVEL = "-O";
				VALIDATE_PRODUCT = YES;
			};
			name = Release;
		};
		5931A2532558095300F3A73A /* Debug */ = {
			isa = XCBuildConfiguration;
			buildSettings = {
				ASSETCATALOG_COMPILER_APPICON_NAME = AppIcon;
				ASSETCATALOG_COMPILER_GLOBAL_ACCENT_COLOR_NAME = AccentColor;
				CODE_SIGN_STYLE = Manual;
				DEVELOPMENT_TEAM = "";
				INFOPLIST_FILE = iOSUI/Info.plist;
				LD_RUNPATH_SEARCH_PATHS = (
					"$(inherited)",
					"@executable_path/Frameworks",
				);
				PRODUCT_BUNDLE_IDENTIFIER = com.nithin.iOSUI;
				PRODUCT_NAME = "$(TARGET_NAME)";
				PROVISIONING_PROFILE_SPECIFIER = "";
				SWIFT_VERSION = 5.0;
				TARGETED_DEVICE_FAMILY = "1,2";
			};
			name = Debug;
		};
		5931A2542558095300F3A73A /* Release */ = {
			isa = XCBuildConfiguration;
			buildSettings = {
				ASSETCATALOG_COMPILER_APPICON_NAME = AppIcon;
				ASSETCATALOG_COMPILER_GLOBAL_ACCENT_COLOR_NAME = AccentColor;
				CODE_SIGN_STYLE = Manual;
				DEVELOPMENT_TEAM = "";
				INFOPLIST_FILE = iOSUI/Info.plist;
				LD_RUNPATH_SEARCH_PATHS = (
					"$(inherited)",
					"@executable_path/Frameworks",
				);
				PRODUCT_BUNDLE_IDENTIFIER = com.nithin.iOSUI;
				PRODUCT_NAME = "$(TARGET_NAME)";
				PROVISIONING_PROFILE_SPECIFIER = "";
				SWIFT_VERSION = 5.0;
				TARGETED_DEVICE_FAMILY = "1,2";
			};
			name = Release;
		};
		8B87F3F52558519F00B59EDF /* Debug */ = {
			isa = XCBuildConfiguration;
			buildSettings = {
				CODE_SIGN_STYLE = Automatic;
				DEVELOPMENT_TEAM = 8ZJ7X4VC9C;
				INFOPLIST_FILE = SecondUITest/Info.plist;
				LD_RUNPATH_SEARCH_PATHS = (
					"$(inherited)",
					"@executable_path/Frameworks",
					"@loader_path/Frameworks",
				);
				PRODUCT_BUNDLE_IDENTIFIER = com.learnappmaking.SecondUITest;
				PRODUCT_NAME = "$(TARGET_NAME)";
				SWIFT_VERSION = 5.0;
				TARGETED_DEVICE_FAMILY = "1,2";
				TEST_TARGET_NAME = iOSUI;
			};
			name = Debug;
		};
		8B87F3F62558519F00B59EDF /* Release */ = {
			isa = XCBuildConfiguration;
			buildSettings = {
				CODE_SIGN_STYLE = Automatic;
				DEVELOPMENT_TEAM = 8ZJ7X4VC9C;
				INFOPLIST_FILE = SecondUITest/Info.plist;
				LD_RUNPATH_SEARCH_PATHS = (
					"$(inherited)",
					"@executable_path/Frameworks",
					"@loader_path/Frameworks",
				);
				PRODUCT_BUNDLE_IDENTIFIER = com.learnappmaking.SecondUITest;
				PRODUCT_NAME = "$(TARGET_NAME)";
				SWIFT_VERSION = 5.0;
				TARGETED_DEVICE_FAMILY = "1,2";
				TEST_TARGET_NAME = iOSUI;
			};
			name = Release;
		};
/* End XCBuildConfiguration section */

/* Begin XCConfigurationList section */
		5931A2392558095300F3A73A /* Build configuration list for PBXProject "iOSUI" */ = {
			isa = XCConfigurationList;
			buildConfigurations = (
				5931A2502558095300F3A73A /* Debug */,
				5931A2512558095300F3A73A /* Release */,
			);
			defaultConfigurationIsVisible = 0;
			defaultConfigurationName = Release;
		};
		5931A2522558095300F3A73A /* Build configuration list for PBXNativeTarget "iOSUI" */ = {
			isa = XCConfigurationList;
			buildConfigurations = (
				5931A2532558095300F3A73A /* Debug */,
				5931A2542558095300F3A73A /* Release */,
			);
			defaultConfigurationIsVisible = 0;
			defaultConfigurationName = Release;
		};
		8B87F3F72558519F00B59EDF /* Build configuration list for PBXNativeTarget "SecondUITest" */ = {
			isa = XCConfigurationList;
			buildConfigurations = (
				8B87F3F52558519F00B59EDF /* Debug */,
				8B87F3F62558519F00B59EDF /* Release */,
			);
			defaultConfigurationIsVisible = 0;
			defaultConfigurationName = Release;
		};
/* End XCConfigurationList section */
	};
	rootObject = 5931A2362558095300F3A73A /* Project object */;
}
